
Microsoft Visual Studio Solution File, Format Version 12.00
# Visual Studio Version 17
Project("{2150E333-8FDC-42A3-9474-1A3956D46DE8}") = "CMakePredefinedTargets", "CMakePredefinedTargets", "{C37268F1-11EB-30DA-98E9-071C9F78B6C9}"
EndProject
Project("{8BC9CEB8-8B4A-11D0-8D11-00A0C91BC942}") = "CSC8503", "CSC8503\CSC8503.vcxproj", "{BE81624E-8621-3A80-A3F7-F6567DDB8A69}"
	ProjectSection(ProjectDependencies) = postProject
		{D537644B-1A08-3110-BDBC-0D7B1941A0F1} = {D537644B-1A08-3110-BDBC-0D7B1941A0F1}
		{E19470ED-D855-335F-BE9A-CE8733785251} = {E19470ED-D855-335F-BE9A-CE8733785251}
		{F11AE2B4-A0B5-38DD-9A93-1FFEB93537F6} = {F11AE2B4-A0B5-38DD-9A93-1FFEB93537F6}
		{B12F0413-9CB9-355F-AB21-6C78CB7E2C35} = {B12F0413-9CB9-355F-AB21-6C78CB7E2C35}
	EndProjectSection
EndProject
Project("{8BC9CEB8-8B4A-11D0-8D11-00A0C91BC942}") = "ALL_BUILD", "ALL_BUILD.vcxproj", "{1BBCE738-8959-3829-8C3F-CEA8C22EBE90}"
	ProjectSection(ProjectDependencies) = postProject
		{BE81624E-8621-3A80-A3F7-F6567DDB8A69} = {BE81624E-8621-3A80-A3F7-F6567DDB8A69}
		{D537644B-1A08-3110-BDBC-0D7B1941A0F1} = {D537644B-1A08-3110-BDBC-0D7B1941A0F1}
		{E19470ED-D855-335F-BE9A-CE8733785251} = {E19470ED-D855-335F-BE9A-CE8733785251}
		{F11AE2B4-A0B5-38DD-9A93-1FFEB93537F6} = {F11AE2B4-A0B5-38DD-9A93-1FFEB93537F6}
		{B12F0413-9CB9-355F-AB21-6C78CB7E2C35} = {B12F0413-9CB9-355F-AB21-6C78CB7E2C35}
	EndProjectSection
EndProject
Project("{8BC9CEB8-8B4A-11D0-8D11-00A0C91BC942}") = "CSC8503CoreClasses", "CSC8503CoreClasses\CSC8503CoreClasses.vcxproj", "{D537644B-1A08-3110-BDBC-0D7B1941A0F1}"
	ProjectSection(ProjectDependencies) = postProject
		{B12F0413-9CB9-355F-AB21-6C78CB7E2C35} = {B12F0413-9CB9-355F-AB21-6C78CB7E2C35}
	EndProjectSection
EndProject
Project("{8BC9CEB8-8B4A-11D0-8D11-00A0C91BC942}") = "NCLCoreClasses", "NCLCoreClasses\NCLCoreClasses.vcxproj", "{E19470ED-D855-335F-BE9A-CE8733785251}"
	ProjectSection(ProjectDependencies) = postProject
		{B12F0413-9CB9-355F-AB21-6C78CB7E2C35} = {B12F0413-9CB9-355F-AB21-6C78CB7E2C35}
	EndProjectSection
EndProject
Project("{8BC9CEB8-8B4A-11D0-8D11-00A0C91BC942}") = "OpenGLRendering", "OpenGLRendering\OpenGLRendering.vcxproj", "{F11AE2B4-A0B5-38DD-9A93-1FFEB93537F6}"
	ProjectSection(ProjectDependencies) = postProject
		{E19470ED-D855-335F-BE9A-CE8733785251} = {E19470ED-D855-335F-BE9A-CE8733785251}
		{B12F0413-9CB9-355F-AB21-6C78CB7E2C35} = {B12F0413-9CB9-355F-AB21-6C78CB7E2C35}
	EndProjectSection
EndProject
Project("{8BC9CEB8-8B4A-11D0-8D11-00A0C91BC942}") = "ZERO_CHECK", "ZERO_CHECK.vcxproj", "{B12F0413-9CB9-355F-AB21-6C78CB7E2C35}"
	ProjectSection(ProjectDependencies) = postProject
	EndProjectSection
EndProject
Global
	GlobalSection(SolutionConfigurationPlatforms) = preSolution
		Debug|x64 = Debug|x64
		Release|x64 = Release|x64
	EndGlobalSection
	GlobalSection(ProjectConfigurationPlatforms) = postSolution
		{BE81624E-8621-3A80-A3F7-F6567DDB8A69}.Debug|x64.ActiveCfg = Debug|x64
		{BE81624E-8621-3A80-A3F7-F6567DDB8A69}.Debug|x64.Build.0 = Debug|x64
		{BE81624E-8621-3A80-A3F7-F6567DDB8A69}.Release|x64.ActiveCfg = Release|x64
		{BE81624E-8621-3A80-A3F7-F6567DDB8A69}.Release|x64.Build.0 = Release|x64
		{1BBCE738-8959-3829-8C3F-CEA8C22EBE90}.Debug|x64.ActiveCfg = Debug|x64
		{1BBCE738-8959-3829-8C3F-CEA8C22EBE90}.Release|x64.ActiveCfg = Release|x64
		{D537644B-1A08-3110-BDBC-0D7B1941A0F1}.Debug|x64.ActiveCfg = Debug|x64
		{D537644B-1A08-3110-BDBC-0D7B1941A0F1}.Debug|x64.Build.0 = Debug|x64
		{D537644B-1A08-3110-BDBC-0D7B1941A0F1}.Release|x64.ActiveCfg = Release|x64
		{D537644B-1A08-3110-BDBC-0D7B1941A0F1}.Release|x64.Build.0 = Release|x64
		{E19470ED-D855-335F-BE9A-CE8733785251}.Debug|x64.ActiveCfg = Debug|x64
		{E19470ED-D855-335F-BE9A-CE8733785251}.Debug|x64.Build.0 = Debug|x64
		{E19470ED-D855-335F-BE9A-CE8733785251}.Release|x64.ActiveCfg = Release|x64
		{E19470ED-D855-335F-BE9A-CE8733785251}.Release|x64.Build.0 = Release|x64
		{F11AE2B4-A0B5-38DD-9A93-1FFEB93537F6}.Debug|x64.ActiveCfg = Debug|x64
		{F11AE2B4-A0B5-38DD-9A93-1FFEB93537F6}.Debug|x64.Build.0 = Debug|x64
		{F11AE2B4-A0B5-38DD-9A93-1FFEB93537F6}.Release|x64.ActiveCfg = Release|x64
		{F11AE2B4-A0B5-38DD-9A93-1FFEB93537F6}.Release|x64.Build.0 = Release|x64
		{B12F0413-9CB9-355F-AB21-6C78CB7E2C35}.Debug|x64.ActiveCfg = Debug|x64
		{B12F0413-9CB9-355F-AB21-6C78CB7E2C35}.Debug|x64.Build.0 = Debug|x64
		{B12F0413-9CB9-355F-AB21-6C78CB7E2C35}.Release|x64.ActiveCfg = Release|x64
		{B12F0413-9CB9-355F-AB21-6C78CB7E2C35}.Release|x64.Build.0 = Release|x64
	EndGlobalSection
	GlobalSection(NestedProjects) = preSolution
		{1BBCE738-8959-3829-8C3F-CEA8C22EBE90} = {C37268F1-11EB-30DA-98E9-071C9F78B6C9}
		{B12F0413-9CB9-355F-AB21-6C78CB7E2C35} = {C37268F1-11EB-30DA-98E9-071C9F78B6C9}
	EndGlobalSection
	GlobalSection(ExtensibilityGlobals) = postSolution
		SolutionGuid = {F5AFADC4-E158-328F-8983-1808B75E55B9}
	EndGlobalSection
	GlobalSection(ExtensibilityAddIns) = postSolution
	EndGlobalSection
EndGlobal
