<?xml version="1.0" encoding="utf-8"?>
<Project ToolsVersion="17.0" xmlns="http://schemas.microsoft.com/developer/msbuild/2003">
  <ItemGroup>
    <ClCompile Include="C:\baaah\CSC8508-2023\EntryPoint\CMakeFiles\EntryPoint.dir\cmake_pch.hxx.cxx">
      <Filter>Source Files</Filter>
    </ClCompile>
    <ClCompile Include="C:\baaah\CSC8508-2023\EntryPoint\main.cpp">
      <Filter>Source Files</Filter>
    </ClCompile>
  </ItemGroup>
  <ItemGroup>
    <ClInclude Include="C:\baaah\CSC8508-2023\EntryPoint\CMakeFiles\EntryPoint.dir\Debug\cmake_pch.hxx">
      <Filter>Precompile Header File</Filter>
    </ClInclude>
    <ClInclude Include="C:\baaah\CSC8508-2023\EntryPoint\CMakeFiles\EntryPoint.dir\Release\cmake_pch.hxx">
      <Filter>Precompile Header File</Filter>
    </ClInclude>
    <ClInclude Include="C:\baaah\CSC8508-2023\EntryPoint\CMakeFiles\EntryPoint.dir\MinSizeRel\cmake_pch.hxx">
      <Filter>Precompile Header File</Filter>
    </ClInclude>
    <ClInclude Include="C:\baaah\CSC8508-2023\EntryPoint\CMakeFiles\EntryPoint.dir\RelWithDebInfo\cmake_pch.hxx">
      <Filter>Precompile Header File</Filter>
    </ClInclude>
  </ItemGroup>
  <ItemGroup>
    <CustomBuild Include="C:\baaah\CSC8508-2023\EntryPoint\CMakeLists.txt" />
  </ItemGroup>
  <ItemGroup>
    <Image Include="C:\baaah\CSC8508-2023\Assets\Textures\Alarm.png">
      <Filter>Texture Files</Filter>
    </Image>
    <Image Include="C:\baaah\CSC8508-2023\Assets\Textures\Cross.png">
      <Filter>Texture Files</Filter>
    </Image>
    <Image Include="C:\baaah\CSC8508-2023\Assets\Textures\Cubemap\FS002_Night_Cubemap_back.png">
      <Filter>Texture Files</Filter>
    </Image>
    <Image Include="C:\baaah\CSC8508-2023\Assets\Textures\Cubemap\FS002_Night_Cubemap_down.png">
      <Filter>Texture Files</Filter>
    </Image>
    <Image Include="C:\baaah\CSC8508-2023\Assets\Textures\Cubemap\FS002_Night_Cubemap_front.png">
      <Filter>Texture Files</Filter>
    </Image>
    <Image Include="C:\baaah\CSC8508-2023\Assets\Textures\Cubemap\FS002_Night_Cubemap_left.png">
      <Filter>Texture Files</Filter>
    </Image>
    <Image Include="C:\baaah\CSC8508-2023\Assets\Textures\Cubemap\FS002_Night_Cubemap_right.png">
      <Filter>Texture Files</Filter>
    </Image>
    <Image Include="C:\baaah\CSC8508-2023\Assets\Textures\Cubemap\FS002_Night_Cubemap_up.png">
      <Filter>Texture Files</Filter>
    </Image>
    <Image Include="C:\baaah\CSC8508-2023\Assets\Textures\Cubemap\skyrender0001.png">
      <Filter>Texture Files</Filter>
    </Image>
    <Image Include="C:\baaah\CSC8508-2023\Assets\Textures\Cubemap\skyrender0002.png">
      <Filter>Texture Files</Filter>
    </Image>
    <Image Include="C:\baaah\CSC8508-2023\Assets\Textures\Cubemap\skyrender0003.png">
      <Filter>Texture Files</Filter>
    </Image>
    <Image Include="C:\baaah\CSC8508-2023\Assets\Textures\Cubemap\skyrender0004.png">
      <Filter>Texture Files</Filter>
    </Image>
    <Image Include="C:\baaah\CSC8508-2023\Assets\Textures\Cubemap\skyrender0005.png">
      <Filter>Texture Files</Filter>
    </Image>
    <Image Include="C:\baaah\CSC8508-2023\Assets\Textures\Cubemap\skyrender0006.png">
      <Filter>Texture Files</Filter>
    </Image>
    <Image Include="C:\baaah\CSC8508-2023\Assets\Textures\Default.png">
      <Filter>Texture Files</Filter>
    </Image>
    <Image Include="C:\baaah\CSC8508-2023\Assets\Textures\GoatBeige.png">
      <Filter>Texture Files</Filter>
    </Image>
    <Image Include="C:\baaah\CSC8508-2023\Assets\Textures\GoatBlack.png">
      <Filter>Texture Files</Filter>
    </Image>
    <Image Include="C:\baaah\CSC8508-2023\Assets\Textures\GoatBlack2.png">
      <Filter>Texture Files</Filter>
    </Image>
    <Image Include="C:\baaah\CSC8508-2023\Assets\Textures\GoatBody.png">
      <Filter>Texture Files</Filter>
    </Image>
    <Image Include="C:\baaah\CSC8508-2023\Assets\Textures\GoatBrown.png">
      <Filter>Texture Files</Filter>
    </Image>
    <Image Include="C:\baaah\CSC8508-2023\Assets\Textures\HighlightAward.png">
      <Filter>Texture Files</Filter>
    </Image>
    <Image Include="C:\baaah\CSC8508-2023\Assets\Textures\InventorySlot.png">
      <Filter>Texture Files</Filter>
    </Image>
    <Image Include="C:\baaah\CSC8508-2023\Assets\Textures\LightOff.png">
      <Filter>Texture Files</Filter>
    </Image>
    <Image Include="C:\baaah\CSC8508-2023\Assets\Textures\MakingNoise.png">
      <Filter>Texture Files</Filter>
    </Image>
    <Image Include="C:\baaah\CSC8508-2023\Assets\Textures\PressStart2P.png">
      <Filter>Texture Files</Filter>
    </Image>
    <Image Include="C:\baaah\CSC8508-2023\Assets\Textures\Silence.png">
      <Filter>Texture Files</Filter>
    </Image>
    <Image Include="C:\baaah\CSC8508-2023\Assets\Textures\SlowDown.png">
      <Filter>Texture Files</Filter>
    </Image>
    <Image Include="C:\baaah\CSC8508-2023\Assets\Textures\SpeedDown.png">
      <Filter>Texture Files</Filter>
    </Image>
    <Image Include="C:\baaah\CSC8508-2023\Assets\Textures\SpeedUp.png">
      <Filter>Texture Files</Filter>
    </Image>
    <Image Include="C:\baaah\CSC8508-2023\Assets\Textures\Stun.png">
      <Filter>Texture Files</Filter>
    </Image>
    <Image Include="C:\baaah\CSC8508-2023\Assets\Textures\SuspensionBar.png">
      <Filter>Texture Files</Filter>
    </Image>
    <Image Include="C:\baaah\CSC8508-2023\Assets\Textures\SuspensionIndicator.png">
      <Filter>Texture Files</Filter>
    </Image>
    <Image Include="C:\baaah\CSC8508-2023\Assets\Textures\SwapPosition.png">
      <Filter>Texture Files</Filter>
    </Image>
    <Image Include="C:\baaah\CSC8508-2023\Assets\Textures\Tex_Chest_01_Albedo.png">
      <Filter>Texture Files</Filter>
    </Image>
    <Image Include="C:\baaah\CSC8508-2023\Assets\Textures\Tex_Chest_01_Normal.png">
      <Filter>Texture Files</Filter>
    </Image>
    <Image Include="C:\baaah\CSC8508-2023\Assets\Textures\checkerboard.png">
      <Filter>Texture Files</Filter>
    </Image>
    <Image Include="C:\baaah\CSC8508-2023\Assets\Textures\doge.png">
      <Filter>Texture Files</Filter>
    </Image>
    <Image Include="C:\baaah\CSC8508-2023\Assets\Textures\flag.png">
      <Filter>Texture Files</Filter>
    </Image>
    <Image Include="C:\baaah\CSC8508-2023\Assets\Textures\fleshy_albedo.png">
      <Filter>Texture Files</Filter>
    </Image>
    <Image Include="C:\baaah\CSC8508-2023\Assets\Textures\fleshy_normal.png">
      <Filter>Texture Files</Filter>
    </Image>
    <Image Include="C:\baaah\CSC8508-2023\Assets\Textures\highSus.png">
      <Filter>Texture Files</Filter>
    </Image>
    <Image Include="C:\baaah\CSC8508-2023\Assets\Textures\key.png">
      <Filter>Texture Files</Filter>
    </Image>
    <Image Include="C:\baaah\CSC8508-2023\Assets\Textures\key1.png">
      <Filter>Texture Files</Filter>
    </Image>
    <Image Include="C:\baaah\CSC8508-2023\Assets\Textures\key2.png">
      <Filter>Texture Files</Filter>
    </Image>
    <Image Include="C:\baaah\CSC8508-2023\Assets\Textures\key3.png">
      <Filter>Texture Files</Filter>
    </Image>
    <Image Include="C:\baaah\CSC8508-2023\Assets\Textures\lowSus.png">
      <Filter>Texture Files</Filter>
    </Image>
    <Image Include="C:\baaah\CSC8508-2023\Assets\Textures\midSus.png">
      <Filter>Texture Files</Filter>
    </Image>
    <Image Include="C:\baaah\CSC8508-2023\Assets\Textures\panel_albedo.png">
      <Filter>Texture Files</Filter>
    </Image>
    <Image Include="C:\baaah\CSC8508-2023\Assets\Textures\panel_normal.png">
      <Filter>Texture Files</Filter>
    </Image>
    <Image Include="C:\baaah\CSC8508-2023\Assets\Textures\paper_diffuse1.png">
      <Filter>Texture Files</Filter>
    </Image>
    <Image Include="C:\baaah\CSC8508-2023\Assets\Textures\present_Present_Normal.png">
      <Filter>Texture Files</Filter>
    </Image>
    <Image Include="C:\baaah\CSC8508-2023\Assets\Textures\stunItem.png">
      <Filter>Texture Files</Filter>
    </Image>
  </ItemGroup>
  <ItemGroup>
    <None Include="C:\baaah\CSC8508-2023\Assets\Textures\Skybox.dds">
      <Filter>Texture Files</Filter>
    </None>
  </ItemGroup>
  <ItemGroup>
    <WavePsslc Include="C:\baaah\CSC8508-2023\Assets\Shaders\PSSL\DebugLine_p.pssl">
      <Filter>Shader Files</Filter>
    </WavePsslc>
    <WavePsslc Include="C:\baaah\CSC8508-2023\Assets\Shaders\PSSL\DebugLine_vv.pssl">
      <Filter>Shader Files</Filter>
    </WavePsslc>
    <WavePsslc Include="C:\baaah\CSC8508-2023\Assets\Shaders\PSSL\DebugText_p.pssl">
      <Filter>Shader Files</Filter>
    </WavePsslc>
    <WavePsslc Include="C:\baaah\CSC8508-2023\Assets\Shaders\PSSL\DebugText_vv.pssl">
      <Filter>Shader Files</Filter>
    </WavePsslc>
    <WavePsslc Include="C:\baaah\CSC8508-2023\Assets\Shaders\PSSL\PixelShader_p.pssl">
      <Filter>Shader Files</Filter>
    </WavePsslc>
    <WavePsslc Include="C:\baaah\CSC8508-2023\Assets\Shaders\PSSL\Shadow_p.pssl">
      <Filter>Shader Files</Filter>
    </WavePsslc>
    <WavePsslc Include="C:\baaah\CSC8508-2023\Assets\Shaders\PSSL\Shadow_vv.pssl">
      <Filter>Shader Files</Filter>
    </WavePsslc>
    <WavePsslc Include="C:\baaah\CSC8508-2023\Assets\Shaders\PSSL\Skybox_p.pssl">
      <Filter>Shader Files</Filter>
    </WavePsslc>
    <WavePsslc Include="C:\baaah\CSC8508-2023\Assets\Shaders\PSSL\Skybox_vv.pssl">
      <Filter>Shader Files</Filter>
    </WavePsslc>
    <WavePsslc Include="C:\baaah\CSC8508-2023\Assets\Shaders\PSSL\Tech_p.pssl">
      <Filter>Shader Files</Filter>
    </WavePsslc>
    <WavePsslc Include="C:\baaah\CSC8508-2023\Assets\Shaders\PSSL\Tech_vv.pssl">
      <Filter>Shader Files</Filter>
    </WavePsslc>
    <WavePsslc Include="C:\baaah\CSC8508-2023\Assets\Shaders\PSSL\VertexShader_vv.pssl">
      <Filter>Shader Files</Filter>
    </WavePsslc>
    <WavePsslc Include="C:\baaah\CSC8508-2023\Assets\Shaders\PSSL\gamma_c.pssl">
      <Filter>Shader Files</Filter>
    </WavePsslc>
    <WavePsslc Include="C:\baaah\CSC8508-2023\Assets\Shaders\PSSL\skinning_c.pssl">
      <Filter>Shader Files</Filter>
    </WavePsslc>
  </ItemGroup>
  <ItemGroup>
    <Filter Include="Precompile Header File">
      <UniqueIdentifier>{A974D648-51C7-3B17-AAEC-4494265FB198}</UniqueIdentifier>
    </Filter>
    <Filter Include="Shader Files">
      <UniqueIdentifier>{CB82ED3F-8672-3BF1-A61A-B7287A70F127}</UniqueIdentifier>
    </Filter>
    <Filter Include="Source Files">
      <UniqueIdentifier>{07046CA1-D05F-3188-AF62-E1DB362EF129}</UniqueIdentifier>
    </Filter>
    <Filter Include="Texture Files">
      <UniqueIdentifier>{629639D7-447D-37D8-B218-6B728881E64D}</UniqueIdentifier>
    </Filter>
  </ItemGroup>
</Project>
