<?xml version="1.0" encoding="utf-8"?>
<Project ToolsVersion="17.0" xmlns="http://schemas.microsoft.com/developer/msbuild/2003">
  <ItemGroup>
    <CustomBuild Include="C:\baaah\CSC8508-2023\CMakeFiles\c1144d6b32885f7383c4a4242098367f\Alarm.png.gnf.rule">
      <Filter>CMake Rules</Filter>
    </CustomBuild>
    <CustomBuild Include="C:\baaah\CSC8508-2023\CMakeFiles\c1144d6b32885f7383c4a4242098367f\Cross.png.gnf.rule">
      <Filter>CMake Rules</Filter>
    </CustomBuild>
    <CustomBuild Include="C:\baaah\CSC8508-2023\CMakeFiles\972acb45bb2a62aaa5ceca878f71d9f5\FS002_Night_Cubemap_back.png.gnf.rule">
      <Filter>CMake Rules</Filter>
    </CustomBuild>
    <CustomBuild Include="C:\baaah\CSC8508-2023\CMakeFiles\972acb45bb2a62aaa5ceca878f71d9f5\FS002_Night_Cubemap_down.png.gnf.rule">
      <Filter>CMake Rules</Filter>
    </CustomBuild>
    <CustomBuild Include="C:\baaah\CSC8508-2023\CMakeFiles\972acb45bb2a62aaa5ceca878f71d9f5\FS002_Night_Cubemap_front.png.gnf.rule">
      <Filter>CMake Rules</Filter>
    </CustomBuild>
    <CustomBuild Include="C:\baaah\CSC8508-2023\CMakeFiles\972acb45bb2a62aaa5ceca878f71d9f5\FS002_Night_Cubemap_left.png.gnf.rule">
      <Filter>CMake Rules</Filter>
    </CustomBuild>
    <CustomBuild Include="C:\baaah\CSC8508-2023\CMakeFiles\972acb45bb2a62aaa5ceca878f71d9f5\FS002_Night_Cubemap_right.png.gnf.rule">
      <Filter>CMake Rules</Filter>
    </CustomBuild>
    <CustomBuild Include="C:\baaah\CSC8508-2023\CMakeFiles\972acb45bb2a62aaa5ceca878f71d9f5\FS002_Night_Cubemap_up.png.gnf.rule">
      <Filter>CMake Rules</Filter>
    </CustomBuild>
    <CustomBuild Include="C:\baaah\CSC8508-2023\CMakeFiles\972acb45bb2a62aaa5ceca878f71d9f5\skyrender0001.png.gnf.rule">
      <Filter>CMake Rules</Filter>
    </CustomBuild>
    <CustomBuild Include="C:\baaah\CSC8508-2023\CMakeFiles\972acb45bb2a62aaa5ceca878f71d9f5\skyrender0002.png.gnf.rule">
      <Filter>CMake Rules</Filter>
    </CustomBuild>
    <CustomBuild Include="C:\baaah\CSC8508-2023\CMakeFiles\972acb45bb2a62aaa5ceca878f71d9f5\skyrender0003.png.gnf.rule">
      <Filter>CMake Rules</Filter>
    </CustomBuild>
    <CustomBuild Include="C:\baaah\CSC8508-2023\CMakeFiles\972acb45bb2a62aaa5ceca878f71d9f5\skyrender0004.png.gnf.rule">
      <Filter>CMake Rules</Filter>
    </CustomBuild>
    <CustomBuild Include="C:\baaah\CSC8508-2023\CMakeFiles\972acb45bb2a62aaa5ceca878f71d9f5\skyrender0005.png.gnf.rule">
      <Filter>CMake Rules</Filter>
    </CustomBuild>
    <CustomBuild Include="C:\baaah\CSC8508-2023\CMakeFiles\972acb45bb2a62aaa5ceca878f71d9f5\skyrender0006.png.gnf.rule">
      <Filter>CMake Rules</Filter>
    </CustomBuild>
    <CustomBuild Include="C:\baaah\CSC8508-2023\CMakeFiles\c1144d6b32885f7383c4a4242098367f\Default.png.gnf.rule">
      <Filter>CMake Rules</Filter>
    </CustomBuild>
    <CustomBuild Include="C:\baaah\CSC8508-2023\CMakeFiles\c1144d6b32885f7383c4a4242098367f\FB_BodyHands_Guard_Albedo.png.gnf.rule">
      <Filter>CMake Rules</Filter>
    </CustomBuild>
    <CustomBuild Include="C:\baaah\CSC8508-2023\CMakeFiles\c1144d6b32885f7383c4a4242098367f\FB_BodyHands_Guard_Metallic.png.gnf.rule">
      <Filter>CMake Rules</Filter>
    </CustomBuild>
    <CustomBuild Include="C:\baaah\CSC8508-2023\CMakeFiles\c1144d6b32885f7383c4a4242098367f\FB_BodyHands_Guard_Normal.png.gnf.rule">
      <Filter>CMake Rules</Filter>
    </CustomBuild>
    <CustomBuild Include="C:\baaah\CSC8508-2023\CMakeFiles\c1144d6b32885f7383c4a4242098367f\FB_Hair_Sweptback_Albedo 1.png.gnf.rule">
      <Filter>CMake Rules</Filter>
    </CustomBuild>
    <CustomBuild Include="C:\baaah\CSC8508-2023\CMakeFiles\c1144d6b32885f7383c4a4242098367f\FB_Hair_Sweptback_Albedo.png.gnf.rule">
      <Filter>CMake Rules</Filter>
    </CustomBuild>
    <CustomBuild Include="C:\baaah\CSC8508-2023\CMakeFiles\c1144d6b32885f7383c4a4242098367f\FB_Hair_Sweptback_Normal 1.png.gnf.rule">
      <Filter>CMake Rules</Filter>
    </CustomBuild>
    <CustomBuild Include="C:\baaah\CSC8508-2023\CMakeFiles\c1144d6b32885f7383c4a4242098367f\FB_Hair_Sweptback_Normal.png.gnf.rule">
      <Filter>CMake Rules</Filter>
    </CustomBuild>
    <CustomBuild Include="C:\baaah\CSC8508-2023\CMakeFiles\c1144d6b32885f7383c4a4242098367f\FB_Head_White01_Albedo.png.gnf.rule">
      <Filter>CMake Rules</Filter>
    </CustomBuild>
    <CustomBuild Include="C:\baaah\CSC8508-2023\CMakeFiles\c1144d6b32885f7383c4a4242098367f\FB_Head_White01_Normal.png.gnf.rule">
      <Filter>CMake Rules</Filter>
    </CustomBuild>
    <CustomBuild Include="C:\baaah\CSC8508-2023\CMakeFiles\c1144d6b32885f7383c4a4242098367f\GoatBeige.png.gnf.rule">
      <Filter>CMake Rules</Filter>
    </CustomBuild>
    <CustomBuild Include="C:\baaah\CSC8508-2023\CMakeFiles\c1144d6b32885f7383c4a4242098367f\GoatBlack.png.gnf.rule">
      <Filter>CMake Rules</Filter>
    </CustomBuild>
    <CustomBuild Include="C:\baaah\CSC8508-2023\CMakeFiles\c1144d6b32885f7383c4a4242098367f\GoatBlack2.png.gnf.rule">
      <Filter>CMake Rules</Filter>
    </CustomBuild>
    <CustomBuild Include="C:\baaah\CSC8508-2023\CMakeFiles\c1144d6b32885f7383c4a4242098367f\GoatBody.png.gnf.rule">
      <Filter>CMake Rules</Filter>
    </CustomBuild>
    <CustomBuild Include="C:\baaah\CSC8508-2023\CMakeFiles\c1144d6b32885f7383c4a4242098367f\GoatBrown.png.gnf.rule">
      <Filter>CMake Rules</Filter>
    </CustomBuild>
    <CustomBuild Include="C:\baaah\CSC8508-2023\CMakeFiles\c1144d6b32885f7383c4a4242098367f\HighlightAward.png.gnf.rule">
      <Filter>CMake Rules</Filter>
    </CustomBuild>
    <CustomBuild Include="C:\baaah\CSC8508-2023\CMakeFiles\c1144d6b32885f7383c4a4242098367f\InventorySlot.png.gnf.rule">
      <Filter>CMake Rules</Filter>
    </CustomBuild>
    <CustomBuild Include="C:\baaah\CSC8508-2023\CMakeFiles\c1144d6b32885f7383c4a4242098367f\LightOff.png.gnf.rule">
      <Filter>CMake Rules</Filter>
    </CustomBuild>
    <CustomBuild Include="C:\baaah\CSC8508-2023\CMakeFiles\c1144d6b32885f7383c4a4242098367f\MA_Hands_White_Albedo.png.gnf.rule">
      <Filter>CMake Rules</Filter>
    </CustomBuild>
    <CustomBuild Include="C:\baaah\CSC8508-2023\CMakeFiles\c1144d6b32885f7383c4a4242098367f\MB_BodyNone_Guard_Albedo.png.gnf.rule">
      <Filter>CMake Rules</Filter>
    </CustomBuild>
    <CustomBuild Include="C:\baaah\CSC8508-2023\CMakeFiles\c1144d6b32885f7383c4a4242098367f\MB_BodyNone_Guard_Normal.png.gnf.rule">
      <Filter>CMake Rules</Filter>
    </CustomBuild>
    <CustomBuild Include="C:\baaah\CSC8508-2023\CMakeFiles\c1144d6b32885f7383c4a4242098367f\MB_Head_White01_Albedo.png.gnf.rule">
      <Filter>CMake Rules</Filter>
    </CustomBuild>
    <CustomBuild Include="C:\baaah\CSC8508-2023\CMakeFiles\c1144d6b32885f7383c4a4242098367f\MB_Head_White01_Normal.png.gnf.rule">
      <Filter>CMake Rules</Filter>
    </CustomBuild>
    <CustomBuild Include="C:\baaah\CSC8508-2023\CMakeFiles\c1144d6b32885f7383c4a4242098367f\MakingNoise.png.gnf.rule">
      <Filter>CMake Rules</Filter>
    </CustomBuild>
    <CustomBuild Include="C:\baaah\CSC8508-2023\CMakeFiles\c1144d6b32885f7383c4a4242098367f\Maximilian_BodyHands_Albedo.png.gnf.rule">
      <Filter>CMake Rules</Filter>
    </CustomBuild>
    <CustomBuild Include="C:\baaah\CSC8508-2023\CMakeFiles\c1144d6b32885f7383c4a4242098367f\Maximilian_Head_Albedo.png.gnf.rule">
      <Filter>CMake Rules</Filter>
    </CustomBuild>
    <CustomBuild Include="C:\baaah\CSC8508-2023\CMakeFiles\c1144d6b32885f7383c4a4242098367f\PressStart2P.png.gnf.rule">
      <Filter>CMake Rules</Filter>
    </CustomBuild>
    <CustomBuild Include="C:\baaah\CSC8508-2023\CMakeFiles\c1144d6b32885f7383c4a4242098367f\Silence.png.gnf.rule">
      <Filter>CMake Rules</Filter>
    </CustomBuild>
    <CustomBuild Include="C:\baaah\CSC8508-2023\CMakeFiles\c1144d6b32885f7383c4a4242098367f\Skybox.dds.gnf.rule">
      <Filter>CMake Rules</Filter>
    </CustomBuild>
    <CustomBuild Include="C:\baaah\CSC8508-2023\CMakeFiles\c1144d6b32885f7383c4a4242098367f\SlowDown.png.gnf.rule">
      <Filter>CMake Rules</Filter>
    </CustomBuild>
    <CustomBuild Include="C:\baaah\CSC8508-2023\CMakeFiles\c1144d6b32885f7383c4a4242098367f\SpeedDown.png.gnf.rule">
      <Filter>CMake Rules</Filter>
    </CustomBuild>
    <CustomBuild Include="C:\baaah\CSC8508-2023\CMakeFiles\c1144d6b32885f7383c4a4242098367f\SpeedUp.png.gnf.rule">
      <Filter>CMake Rules</Filter>
    </CustomBuild>
    <CustomBuild Include="C:\baaah\CSC8508-2023\CMakeFiles\c1144d6b32885f7383c4a4242098367f\Stun.png.gnf.rule">
      <Filter>CMake Rules</Filter>
    </CustomBuild>
    <CustomBuild Include="C:\baaah\CSC8508-2023\CMakeFiles\c1144d6b32885f7383c4a4242098367f\SuspensionBar.png.gnf.rule">
      <Filter>CMake Rules</Filter>
    </CustomBuild>
    <CustomBuild Include="C:\baaah\CSC8508-2023\CMakeFiles\c1144d6b32885f7383c4a4242098367f\SuspensionIndicator.png.gnf.rule">
      <Filter>CMake Rules</Filter>
    </CustomBuild>
    <CustomBuild Include="C:\baaah\CSC8508-2023\CMakeFiles\c1144d6b32885f7383c4a4242098367f\SwapPosition.png.gnf.rule">
      <Filter>CMake Rules</Filter>
    </CustomBuild>
    <CustomBuild Include="C:\baaah\CSC8508-2023\CMakeFiles\c1144d6b32885f7383c4a4242098367f\Tex_Chest_01_Albedo.png.gnf.rule">
      <Filter>CMake Rules</Filter>
    </CustomBuild>
    <CustomBuild Include="C:\baaah\CSC8508-2023\CMakeFiles\c1144d6b32885f7383c4a4242098367f\Tex_Chest_01_Normal.png.gnf.rule">
      <Filter>CMake Rules</Filter>
    </CustomBuild>
    <CustomBuild Include="C:\baaah\CSC8508-2023\CMakeFiles\c1144d6b32885f7383c4a4242098367f\checkerboard.png.gnf.rule">
      <Filter>CMake Rules</Filter>
    </CustomBuild>
    <CustomBuild Include="C:\baaah\CSC8508-2023\CMakeFiles\c1144d6b32885f7383c4a4242098367f\corridor_wall_c.png.gnf.rule">
      <Filter>CMake Rules</Filter>
    </CustomBuild>
    <CustomBuild Include="C:\baaah\CSC8508-2023\CMakeFiles\c1144d6b32885f7383c4a4242098367f\corridor_wall_n.png.gnf.rule">
      <Filter>CMake Rules</Filter>
    </CustomBuild>
    <CustomBuild Include="C:\baaah\CSC8508-2023\CMakeFiles\c1144d6b32885f7383c4a4242098367f\doge.png.gnf.rule">
      <Filter>CMake Rules</Filter>
    </CustomBuild>
    <CustomBuild Include="C:\baaah\CSC8508-2023\CMakeFiles\c1144d6b32885f7383c4a4242098367f\flag.png.gnf.rule">
      <Filter>CMake Rules</Filter>
    </CustomBuild>
    <CustomBuild Include="C:\baaah\CSC8508-2023\CMakeFiles\c1144d6b32885f7383c4a4242098367f\fleshy_albedo.png.gnf.rule">
      <Filter>CMake Rules</Filter>
    </CustomBuild>
    <CustomBuild Include="C:\baaah\CSC8508-2023\CMakeFiles\c1144d6b32885f7383c4a4242098367f\fleshy_normal.png.gnf.rule">
      <Filter>CMake Rules</Filter>
    </CustomBuild>
    <CustomBuild Include="C:\baaah\CSC8508-2023\CMakeFiles\c1144d6b32885f7383c4a4242098367f\highSus.png.gnf.rule">
      <Filter>CMake Rules</Filter>
    </CustomBuild>
    <CustomBuild Include="C:\baaah\CSC8508-2023\CMakeFiles\c1144d6b32885f7383c4a4242098367f\key.png.gnf.rule">
      <Filter>CMake Rules</Filter>
    </CustomBuild>
    <CustomBuild Include="C:\baaah\CSC8508-2023\CMakeFiles\c1144d6b32885f7383c4a4242098367f\key1.png.gnf.rule">
      <Filter>CMake Rules</Filter>
    </CustomBuild>
    <CustomBuild Include="C:\baaah\CSC8508-2023\CMakeFiles\c1144d6b32885f7383c4a4242098367f\key2.png.gnf.rule">
      <Filter>CMake Rules</Filter>
    </CustomBuild>
    <CustomBuild Include="C:\baaah\CSC8508-2023\CMakeFiles\c1144d6b32885f7383c4a4242098367f\key3.png.gnf.rule">
      <Filter>CMake Rules</Filter>
    </CustomBuild>
    <CustomBuild Include="C:\baaah\CSC8508-2023\CMakeFiles\c1144d6b32885f7383c4a4242098367f\lowSus.png.gnf.rule">
      <Filter>CMake Rules</Filter>
    </CustomBuild>
    <CustomBuild Include="C:\baaah\CSC8508-2023\CMakeFiles\c1144d6b32885f7383c4a4242098367f\midSus.png.gnf.rule">
      <Filter>CMake Rules</Filter>
    </CustomBuild>
    <CustomBuild Include="C:\baaah\CSC8508-2023\CMakeFiles\c1144d6b32885f7383c4a4242098367f\panel_albedo.png.gnf.rule">
      <Filter>CMake Rules</Filter>
    </CustomBuild>
    <CustomBuild Include="C:\baaah\CSC8508-2023\CMakeFiles\c1144d6b32885f7383c4a4242098367f\panel_normal.png.gnf.rule">
      <Filter>CMake Rules</Filter>
    </CustomBuild>
    <CustomBuild Include="C:\baaah\CSC8508-2023\CMakeFiles\c1144d6b32885f7383c4a4242098367f\paper_diffuse1.png.gnf.rule">
      <Filter>CMake Rules</Filter>
    </CustomBuild>
    <CustomBuild Include="C:\baaah\CSC8508-2023\CMakeFiles\c1144d6b32885f7383c4a4242098367f\present_Present_Normal.png.gnf.rule">
      <Filter>CMake Rules</Filter>
    </CustomBuild>
    <CustomBuild Include="C:\baaah\CSC8508-2023\CMakeFiles\c1144d6b32885f7383c4a4242098367f\stunItem.png.gnf.rule">
      <Filter>CMake Rules</Filter>
    </CustomBuild>
    <CustomBuild Include="C:\baaah\CSC8508-2023\CMakeFiles\c1144d6b32885f7383c4a4242098367f\wall_C.png.gnf.rule">
      <Filter>CMake Rules</Filter>
    </CustomBuild>
    <CustomBuild Include="C:\baaah\CSC8508-2023\CMakeFiles\c1144d6b32885f7383c4a4242098367f\wall_N.png.gnf.rule">
      <Filter>CMake Rules</Filter>
    </CustomBuild>
    <CustomBuild Include="C:\baaah\CSC8508-2023\CMakeFiles\bf8e28372ac1a5c8100cb45dccdef729\Textures.rule">
      <Filter>CMake Rules</Filter>
    </CustomBuild>
    <CustomBuild Include="C:\baaah\CSC8508-2023\EntryPoint\CMakeLists.txt" />
  </ItemGroup>
  <ItemGroup>
    <None Include="C:\baaah\CSC8508-2023\EntryPoint\CMakeFiles\Textures" />
  </ItemGroup>
  <ItemGroup>
    <Filter Include="CMake Rules">
      <UniqueIdentifier>{A297B018-DF9D-38BA-97CB-7EE235FCDFF8}</UniqueIdentifier>
    </Filter>
  </ItemGroup>
</Project>
