<?xml version="1.0" encoding="utf-8"?>
<Project ToolsVersion="17.0" xmlns="http://schemas.microsoft.com/developer/msbuild/2003">
  <ItemGroup>
    <CustomBuild Include="C:\Users\a8038295\source\repos\CSC8508-2023\CMakeFiles\bfd867960e120ccda6d50272a610d5bc\Textures.rule">
      <Filter>CMake Rules</Filter>
    </CustomBuild>
    <CustomBuild Include="C:\Users\a8038295\source\repos\CSC8508-2023\CSC8503\CMakeLists.txt" />
  </ItemGroup>
  <ItemGroup>
    <None Include="C:\Users\a8038295\source\repos\CSC8508-2023\CSC8503\CMakeFiles\Textures" />
  </ItemGroup>
  <ItemGroup>
    <Filter Include="CMake Rules">
      <UniqueIdentifier>{A13F34F3-84B0-3A7A-98D1-9CC7E1E49BC5}</UniqueIdentifier>
    </Filter>
  </ItemGroup>
</Project>
