<?xml version="1.0" encoding="utf-8"?>
<Project ToolsVersion="17.0" xmlns="http://schemas.microsoft.com/developer/msbuild/2003">
  <ItemGroup>
    <ClCompile Include="C:\Users\squir\Desktop\Gaming Tech\CSC8503 2023\NCLCoreClasses\CMakeFiles\NCLCoreClasses.dir\cmake_pch.cxx">
      <Filter>Source Files</Filter>
    </ClCompile>
    <ClCompile Include="C:\Users\squir\Desktop\Gaming Tech\CSC8503 2023\NCLCoreClasses\Assets.cpp">
      <Filter>Asset Handling</Filter>
    </ClCompile>
    <ClCompile Include="C:\Users\squir\Desktop\Gaming Tech\CSC8503 2023\NCLCoreClasses\SimpleFont.cpp">
      <Filter>Asset Handling</Filter>
    </ClCompile>
    <ClCompile Include="C:\Users\squir\Desktop\Gaming Tech\CSC8503 2023\NCLCoreClasses\TextureLoader.cpp">
      <Filter>Asset Handling</Filter>
    </ClCompile>
    <ClCompile Include="C:\Users\squir\Desktop\Gaming Tech\CSC8503 2023\NCLCoreClasses\TextureWriter.cpp">
      <Filter>Asset Handling</Filter>
    </ClCompile>
    <ClCompile Include="C:\Users\squir\Desktop\Gaming Tech\CSC8503 2023\NCLCoreClasses\Maths.cpp">
      <Filter>Maths</Filter>
    </ClCompile>
    <ClCompile Include="C:\Users\squir\Desktop\Gaming Tech\CSC8503 2023\NCLCoreClasses\Matrix2.cpp">
      <Filter>Maths</Filter>
    </ClCompile>
    <ClCompile Include="C:\Users\squir\Desktop\Gaming Tech\CSC8503 2023\NCLCoreClasses\Matrix3.cpp">
      <Filter>Maths</Filter>
    </ClCompile>
    <ClCompile Include="C:\Users\squir\Desktop\Gaming Tech\CSC8503 2023\NCLCoreClasses\Matrix4.cpp">
      <Filter>Maths</Filter>
    </ClCompile>
    <ClCompile Include="C:\Users\squir\Desktop\Gaming Tech\CSC8503 2023\NCLCoreClasses\Plane.cpp">
      <Filter>Maths</Filter>
    </ClCompile>
    <ClCompile Include="C:\Users\squir\Desktop\Gaming Tech\CSC8503 2023\NCLCoreClasses\Frustum.cpp">
      <Filter>Maths</Filter>
    </ClCompile>
    <ClCompile Include="C:\Users\squir\Desktop\Gaming Tech\CSC8503 2023\NCLCoreClasses\Quaternion.cpp">
      <Filter>Maths</Filter>
    </ClCompile>
    <ClCompile Include="C:\Users\squir\Desktop\Gaming Tech\CSC8503 2023\NCLCoreClasses\Vector2.cpp">
      <Filter>Maths</Filter>
    </ClCompile>
    <ClCompile Include="C:\Users\squir\Desktop\Gaming Tech\CSC8503 2023\NCLCoreClasses\Vector3.cpp">
      <Filter>Maths</Filter>
    </ClCompile>
    <ClCompile Include="C:\Users\squir\Desktop\Gaming Tech\CSC8503 2023\NCLCoreClasses\Vector4.cpp">
      <Filter>Maths</Filter>
    </ClCompile>
    <ClCompile Include="C:\Users\squir\Desktop\Gaming Tech\CSC8503 2023\NCLCoreClasses\Vector2i.cpp">
      <Filter>Maths</Filter>
    </ClCompile>
    <ClCompile Include="C:\Users\squir\Desktop\Gaming Tech\CSC8503 2023\NCLCoreClasses\Vector3I.cpp">
      <Filter>Maths</Filter>
    </ClCompile>
    <ClCompile Include="C:\Users\squir\Desktop\Gaming Tech\CSC8503 2023\NCLCoreClasses\Vector4I.cpp">
      <Filter>Maths</Filter>
    </ClCompile>
    <ClCompile Include="C:\Users\squir\Desktop\Gaming Tech\CSC8503 2023\NCLCoreClasses\MeshAnimation.cpp">
      <Filter>Rendering</Filter>
    </ClCompile>
    <ClCompile Include="C:\Users\squir\Desktop\Gaming Tech\CSC8503 2023\NCLCoreClasses\Mesh.cpp">
      <Filter>Rendering</Filter>
    </ClCompile>
    <ClCompile Include="C:\Users\squir\Desktop\Gaming Tech\CSC8503 2023\NCLCoreClasses\MshLoader.cpp">
      <Filter>Rendering</Filter>
    </ClCompile>
    <ClCompile Include="C:\Users\squir\Desktop\Gaming Tech\CSC8503 2023\NCLCoreClasses\MeshMaterial.cpp">
      <Filter>Rendering</Filter>
    </ClCompile>
    <ClCompile Include="C:\Users\squir\Desktop\Gaming Tech\CSC8503 2023\NCLCoreClasses\RendererBase.cpp">
      <Filter>Rendering</Filter>
    </ClCompile>
    <ClCompile Include="C:\Users\squir\Desktop\Gaming Tech\CSC8503 2023\NCLCoreClasses\Shader.cpp">
      <Filter>Rendering</Filter>
    </ClCompile>
    <ClCompile Include="C:\Users\squir\Desktop\Gaming Tech\CSC8503 2023\NCLCoreClasses\Texture.cpp">
      <Filter>Rendering</Filter>
    </ClCompile>
    <ClCompile Include="C:\Users\squir\Desktop\Gaming Tech\CSC8503 2023\NCLCoreClasses\Camera.cpp">
      <Filter>Source Files</Filter>
    </ClCompile>
    <ClCompile Include="C:\Users\squir\Desktop\Gaming Tech\CSC8503 2023\NCLCoreClasses\GameTimer.cpp">
      <Filter>Windowing and Input</Filter>
    </ClCompile>
    <ClCompile Include="C:\Users\squir\Desktop\Gaming Tech\CSC8503 2023\NCLCoreClasses\Keyboard.cpp">
      <Filter>Windowing and Input</Filter>
    </ClCompile>
    <ClCompile Include="C:\Users\squir\Desktop\Gaming Tech\CSC8503 2023\NCLCoreClasses\Mouse.cpp">
      <Filter>Windowing and Input</Filter>
    </ClCompile>
    <ClCompile Include="C:\Users\squir\Desktop\Gaming Tech\CSC8503 2023\NCLCoreClasses\Window.cpp">
      <Filter>Windowing and Input</Filter>
    </ClCompile>
    <ClCompile Include="C:\Users\squir\Desktop\Gaming Tech\CSC8503 2023\NCLCoreClasses\Controller.cpp">
      <Filter>Windowing and Input</Filter>
    </ClCompile>
    <ClCompile Include="C:\Users\squir\Desktop\Gaming Tech\CSC8503 2023\NCLCoreClasses\KeyboardMouseController.cpp">
      <Filter>Windowing and Input</Filter>
    </ClCompile>
    <ClCompile Include="C:\Users\squir\Desktop\Gaming Tech\CSC8503 2023\NCLCoreClasses\Win32Keyboard.cpp">
      <Filter>Windowing and Input\Win32</Filter>
    </ClCompile>
    <ClCompile Include="C:\Users\squir\Desktop\Gaming Tech\CSC8503 2023\NCLCoreClasses\Win32Mouse.cpp">
      <Filter>Windowing and Input\Win32</Filter>
    </ClCompile>
    <ClCompile Include="C:\Users\squir\Desktop\Gaming Tech\CSC8503 2023\NCLCoreClasses\Win32Window.cpp">
      <Filter>Windowing and Input\Win32</Filter>
    </ClCompile>
  </ItemGroup>
  <ItemGroup>
    <ClInclude Include="C:\Users\squir\Desktop\Gaming Tech\CSC8503 2023\NCLCoreClasses\Assets.h">
      <Filter>Asset Handling</Filter>
    </ClInclude>
    <ClInclude Include="C:\Users\squir\Desktop\Gaming Tech\CSC8503 2023\NCLCoreClasses\SimpleFont.h">
      <Filter>Asset Handling</Filter>
    </ClInclude>
    <ClInclude Include="C:\Users\squir\Desktop\Gaming Tech\CSC8503 2023\NCLCoreClasses\TextureLoader.h">
      <Filter>Asset Handling</Filter>
    </ClInclude>
    <ClInclude Include="C:\Users\squir\Desktop\Gaming Tech\CSC8503 2023\NCLCoreClasses\TextureWriter.h">
      <Filter>Asset Handling</Filter>
    </ClInclude>
    <ClInclude Include="C:\Users\squir\Desktop\Gaming Tech\CSC8503 2023\NCLCoreClasses\Camera.h">
      <Filter>Header Files</Filter>
    </ClInclude>
    <ClInclude Include="C:\Users\squir\Desktop\Gaming Tech\CSC8503 2023\NCLCoreClasses\Maths.h">
      <Filter>Maths</Filter>
    </ClInclude>
    <ClInclude Include="C:\Users\squir\Desktop\Gaming Tech\CSC8503 2023\NCLCoreClasses\Matrix2.h">
      <Filter>Maths</Filter>
    </ClInclude>
    <ClInclude Include="C:\Users\squir\Desktop\Gaming Tech\CSC8503 2023\NCLCoreClasses\Matrix3.h">
      <Filter>Maths</Filter>
    </ClInclude>
    <ClInclude Include="C:\Users\squir\Desktop\Gaming Tech\CSC8503 2023\NCLCoreClasses\Matrix4.h">
      <Filter>Maths</Filter>
    </ClInclude>
    <ClInclude Include="C:\Users\squir\Desktop\Gaming Tech\CSC8503 2023\NCLCoreClasses\Plane.h">
      <Filter>Maths</Filter>
    </ClInclude>
    <ClInclude Include="C:\Users\squir\Desktop\Gaming Tech\CSC8503 2023\NCLCoreClasses\Frustum.h">
      <Filter>Maths</Filter>
    </ClInclude>
    <ClInclude Include="C:\Users\squir\Desktop\Gaming Tech\CSC8503 2023\NCLCoreClasses\Quaternion.h">
      <Filter>Maths</Filter>
    </ClInclude>
    <ClInclude Include="C:\Users\squir\Desktop\Gaming Tech\CSC8503 2023\NCLCoreClasses\NewVector.h">
      <Filter>Maths</Filter>
    </ClInclude>
    <ClInclude Include="C:\Users\squir\Desktop\Gaming Tech\CSC8503 2023\NCLCoreClasses\Vector2.h">
      <Filter>Maths</Filter>
    </ClInclude>
    <ClInclude Include="C:\Users\squir\Desktop\Gaming Tech\CSC8503 2023\NCLCoreClasses\Vector3.h">
      <Filter>Maths</Filter>
    </ClInclude>
    <ClInclude Include="C:\Users\squir\Desktop\Gaming Tech\CSC8503 2023\NCLCoreClasses\Vector4.h">
      <Filter>Maths</Filter>
    </ClInclude>
    <ClInclude Include="C:\Users\squir\Desktop\Gaming Tech\CSC8503 2023\NCLCoreClasses\Vector2i.h">
      <Filter>Maths</Filter>
    </ClInclude>
    <ClInclude Include="C:\Users\squir\Desktop\Gaming Tech\CSC8503 2023\NCLCoreClasses\Vector3I.h">
      <Filter>Maths</Filter>
    </ClInclude>
    <ClInclude Include="C:\Users\squir\Desktop\Gaming Tech\CSC8503 2023\NCLCoreClasses\Vector4I.h">
      <Filter>Maths</Filter>
    </ClInclude>
    <ClInclude Include="C:\Users\squir\Desktop\Gaming Tech\CSC8503 2023\NCLCoreClasses\MeshAnimation.h">
      <Filter>Rendering</Filter>
    </ClInclude>
    <ClInclude Include="C:\Users\squir\Desktop\Gaming Tech\CSC8503 2023\NCLCoreClasses\Mesh.h">
      <Filter>Rendering</Filter>
    </ClInclude>
    <ClInclude Include="C:\Users\squir\Desktop\Gaming Tech\CSC8503 2023\NCLCoreClasses\MshLoader.h">
      <Filter>Rendering</Filter>
    </ClInclude>
    <ClInclude Include="C:\Users\squir\Desktop\Gaming Tech\CSC8503 2023\NCLCoreClasses\MeshMaterial.h">
      <Filter>Rendering</Filter>
    </ClInclude>
    <ClInclude Include="C:\Users\squir\Desktop\Gaming Tech\CSC8503 2023\NCLCoreClasses\RendererBase.h">
      <Filter>Rendering</Filter>
    </ClInclude>
    <ClInclude Include="C:\Users\squir\Desktop\Gaming Tech\CSC8503 2023\NCLCoreClasses\Shader.h">
      <Filter>Rendering</Filter>
    </ClInclude>
    <ClInclude Include="C:\Users\squir\Desktop\Gaming Tech\CSC8503 2023\NCLCoreClasses\Texture.h">
      <Filter>Rendering</Filter>
    </ClInclude>
    <ClInclude Include="C:\Users\squir\Desktop\Gaming Tech\CSC8503 2023\NCLCoreClasses\GameTimer.h">
      <Filter>Windowing and Input</Filter>
    </ClInclude>
    <ClInclude Include="C:\Users\squir\Desktop\Gaming Tech\CSC8503 2023\NCLCoreClasses\Keyboard.h">
      <Filter>Windowing and Input</Filter>
    </ClInclude>
    <ClInclude Include="C:\Users\squir\Desktop\Gaming Tech\CSC8503 2023\NCLCoreClasses\Mouse.h">
      <Filter>Windowing and Input</Filter>
    </ClInclude>
    <ClInclude Include="C:\Users\squir\Desktop\Gaming Tech\CSC8503 2023\NCLCoreClasses\Window.h">
      <Filter>Windowing and Input</Filter>
    </ClInclude>
    <ClInclude Include="C:\Users\squir\Desktop\Gaming Tech\CSC8503 2023\NCLCoreClasses\Controller.h">
      <Filter>Windowing and Input</Filter>
    </ClInclude>
    <ClInclude Include="C:\Users\squir\Desktop\Gaming Tech\CSC8503 2023\NCLCoreClasses\KeyboardMouseController.h">
      <Filter>Windowing and Input</Filter>
    </ClInclude>
    <ClInclude Include="C:\Users\squir\Desktop\Gaming Tech\CSC8503 2023\NCLCoreClasses\Win32Keyboard.h">
      <Filter>Windowing and Input\Win32</Filter>
    </ClInclude>
    <ClInclude Include="C:\Users\squir\Desktop\Gaming Tech\CSC8503 2023\NCLCoreClasses\Win32Mouse.h">
      <Filter>Windowing and Input\Win32</Filter>
    </ClInclude>
    <ClInclude Include="C:\Users\squir\Desktop\Gaming Tech\CSC8503 2023\NCLCoreClasses\Win32Window.h">
      <Filter>Windowing and Input\Win32</Filter>
    </ClInclude>
    <ClInclude Include="C:\Users\squir\Desktop\Gaming Tech\CSC8503 2023\NCLCoreClasses\CMakeFiles\NCLCoreClasses.dir\Debug\cmake_pch.hxx">
      <Filter>Precompile Header File</Filter>
    </ClInclude>
    <ClInclude Include="C:\Users\squir\Desktop\Gaming Tech\CSC8503 2023\NCLCoreClasses\CMakeFiles\NCLCoreClasses.dir\Release\cmake_pch.hxx">
      <Filter>Precompile Header File</Filter>
    </ClInclude>
  </ItemGroup>
  <ItemGroup>
    <CustomBuild Include="C:\Users\squir\Desktop\Gaming Tech\CSC8503 2023\NCLCoreClasses\CMakeLists.txt" />
  </ItemGroup>
  <ItemGroup>
    <Filter Include="Asset Handling">
      <UniqueIdentifier>{ACAA175C-C7C8-33F5-845A-25478FE8E78E}</UniqueIdentifier>
    </Filter>
    <Filter Include="Header Files">
      <UniqueIdentifier>{C671862C-1C20-387D-AABF-4D36BE59C7E0}</UniqueIdentifier>
    </Filter>
    <Filter Include="Maths">
      <UniqueIdentifier>{49309E75-7F56-39AB-B347-6159AD86D2A9}</UniqueIdentifier>
    </Filter>
    <Filter Include="Precompile Header File">
      <UniqueIdentifier>{7840F0B3-91F4-3D63-8757-36EFE3A8D66A}</UniqueIdentifier>
    </Filter>
    <Filter Include="Rendering">
      <UniqueIdentifier>{B3B17E87-19EA-38CF-B41B-2797BDA77C7D}</UniqueIdentifier>
    </Filter>
    <Filter Include="Source Files">
      <UniqueIdentifier>{574D1E81-E5C4-375B-8594-863283DCF81E}</UniqueIdentifier>
    </Filter>
    <Filter Include="Windowing and Input">
      <UniqueIdentifier>{9488139D-B5A4-3974-B2F1-CD6DAAAEEA06}</UniqueIdentifier>
    </Filter>
    <Filter Include="Windowing and Input\Win32">
      <UniqueIdentifier>{356611D1-1084-33C3-B1AB-9B707311C219}</UniqueIdentifier>
    </Filter>
  </ItemGroup>
</Project>
